{
  "name": "aws-node-http-api-project",
  "version": "1.0.0",
  "lockfileVersion": 3,
  "requires": true,
  "packages": {
    "": {
      "name": "aws-node-http-api-project",
      "version": "1.0.0",
      "license": "ISC",
      "dependencies": {
        "serverless-plugin-warmup": "^8.2.1"
      }
    },
    "node_modules/serverless-plugin-warmup": {
      "version": "8.2.1",
      "resolved": "https://registry.npmjs.org/serverless-plugin-warmup/-/serverless-plugin-warmup-8.2.1.tgz",
      "integrity": "sha512-bVPqK2tt3m6AVjVnjuiU/nsGtm+hukaQmVn7zx2KbKSTCwOZEkMcsqKhkKw3Y4cm/vA2Wxd+3d1lftaGKFkG/Q=="
    }
  }
}
